
Microsoft Visual Studio Solution File, Format Version 12.00
# Visual Studio Version 17
VisualStudioVersion = 17.3.32901.215
MinimumVisualStudioVersion = 10.0.40219.1
Project("{FAE04EC0-301F-11D3-BF4B-00C04F79EFBC}") = "gelir-gider-1313", "gelir-gider-1313\gelir-gider-1313.csproj", "{F4E2E67E-C2D7-4E1F-BE83-CE1380E6FA55}"
EndProject
Global
	GlobalSection(SolutionConfigurationPlatforms) = preSolution
		Debug|Any CPU = Debug|Any CPU
		Release|Any CPU = Release|Any CPU
	EndGlobalSection
	GlobalSection(ProjectConfigurationPlatforms) = postSolution
		{F4E2E67E-C2D7-4E1F-BE83-CE1380E6FA55}.Debug|Any CPU.ActiveCfg = Debug|Any CPU
		{F4E2E67E-C2D7-4E1F-BE83-CE1380E6FA55}.Debug|Any CPU.Build.0 = Debug|Any CPU
		{F4E2E67E-C2D7-4E1F-BE83-CE1380E6FA55}.Release|Any CPU.ActiveCfg = Release|Any CPU
		{F4E2E67E-C2D7-4E1F-BE83-CE1380E6FA55}.Release|Any CPU.Build.0 = Release|Any CPU
	EndGlobalSection
	GlobalSection(SolutionProperties) = preSolution
		HideSolutionNode = FALSE
	EndGlobalSection
	GlobalSection(ExtensibilityGlobals) = postSolution
		SolutionGuid = {87EBBA1E-1CFE-4FE1-92B1-60A18062C669}
	EndGlobalSection
EndGlobal
